
Microsoft Visual Studio Solution File, Format Version 12.00
# Visual Studio Version 16
VisualStudioVersion = 16.0.31129.286
MinimumVisualStudioVersion = 10.0.40219.1
Project("{FAE04EC0-301F-11D3-BF4B-00C04F79EFBC}") = "AnketWebApis", "WebApplication2\AnketWebApis.csproj", "{8B62358E-B91A-4AC3-977D-8E01EA93DE12}"
EndProject
Global
	GlobalSection(SolutionConfigurationPlatforms) = preSolution
		Debug|Any CPU = Debug|Any CPU
		Release|Any CPU = Release|Any CPU
	EndGlobalSection
	GlobalSection(ProjectConfigurationPlatforms) = postSolution
		{8B62358E-B91A-4AC3-977D-8E01EA93DE12}.Debug|Any CPU.ActiveCfg = Debug|Any CPU
		{8B62358E-B91A-4AC3-977D-8E01EA93DE12}.Debug|Any CPU.Build.0 = Debug|Any CPU
		{8B62358E-B91A-4AC3-977D-8E01EA93DE12}.Release|Any CPU.ActiveCfg = Release|Any CPU
		{8B62358E-B91A-4AC3-977D-8E01EA93DE12}.Release|Any CPU.Build.0 = Release|Any CPU
	EndGlobalSection
	GlobalSection(SolutionProperties) = preSolution
		HideSolutionNode = FALSE
	EndGlobalSection
	GlobalSection(ExtensibilityGlobals) = postSolution
		SolutionGuid = {D741B4FC-0D47-4D5A-9152-DCD5CF7B45A0}
	EndGlobalSection
EndGlobal
